
Microsoft Visual Studio Solution File, Format Version 12.00
# Visual Studio Version 17
VisualStudioVersion = 17.8.34330.188
MinimumVisualStudioVersion = 10.0.40219.1
Project("{FAE04EC0-301F-11D3-BF4B-00C04F79EFBC}") = "WindowsFormsApp1", "WindowsFormsApp1\WindowsFormsApp1.csproj", "{C53E68DC-FA1D-48E0-8F29-DB4E62C66C70}"
EndProject
Global
	GlobalSection(SolutionConfigurationPlatforms) = preSolution
		Debug|Any CPU = Debug|Any CPU
		Release|Any CPU = Release|Any CPU
	EndGlobalSection
	GlobalSection(ProjectConfigurationPlatforms) = postSolution
		{C53E68DC-FA1D-48E0-8F29-DB4E62C66C70}.Debug|Any CPU.ActiveCfg = Debug|Any CPU
		{C53E68DC-FA1D-48E0-8F29-DB4E62C66C70}.Debug|Any CPU.Build.0 = Debug|Any CPU
		{C53E68DC-FA1D-48E0-8F29-DB4E62C66C70}.Release|Any CPU.ActiveCfg = Release|Any CPU
		{C53E68DC-FA1D-48E0-8F29-DB4E62C66C70}.Release|Any CPU.Build.0 = Release|Any CPU
	EndGlobalSection
	GlobalSection(SolutionProperties) = preSolution
		HideSolutionNode = FALSE
	EndGlobalSection
	GlobalSection(ExtensibilityGlobals) = postSolution
		SolutionGuid = {6AD955AB-A6AA-4713-BE4E-788505978EF7}
	EndGlobalSection
EndGlobal
