
Microsoft Visual Studio Solution File, Format Version 12.00
# Visual Studio Version 17
VisualStudioVersion = 17.8.34330.188
MinimumVisualStudioVersion = 10.0.40219.1
Project("{FAE04EC0-301F-11D3-BF4B-00C04F79EFBC}") = "1.1 3", "1.1 3\1.1 3.csproj", "{391B455B-839C-41CA-98EF-8E7114E50755}"
EndProject
Global
	GlobalSection(SolutionConfigurationPlatforms) = preSolution
		Debug|Any CPU = Debug|Any CPU
		Release|Any CPU = Release|Any CPU
	EndGlobalSection
	GlobalSection(ProjectConfigurationPlatforms) = postSolution
		{391B455B-839C-41CA-98EF-8E7114E50755}.Debug|Any CPU.ActiveCfg = Debug|Any CPU
		{391B455B-839C-41CA-98EF-8E7114E50755}.Debug|Any CPU.Build.0 = Debug|Any CPU
		{391B455B-839C-41CA-98EF-8E7114E50755}.Release|Any CPU.ActiveCfg = Release|Any CPU
		{391B455B-839C-41CA-98EF-8E7114E50755}.Release|Any CPU.Build.0 = Release|Any CPU
	EndGlobalSection
	GlobalSection(SolutionProperties) = preSolution
		HideSolutionNode = FALSE
	EndGlobalSection
	GlobalSection(ExtensibilityGlobals) = postSolution
		SolutionGuid = {6CA1CA82-2273-49B0-911E-8B3D2EFB5160}
	EndGlobalSection
EndGlobal
