
Microsoft Visual Studio Solution File, Format Version 12.00
# Visual Studio Version 17
VisualStudioVersion = 17.8.34330.188
MinimumVisualStudioVersion = 10.0.40219.1
Project("{FAE04EC0-301F-11D3-BF4B-00C04F79EFBC}") = "4.3", "4.3\4.3.csproj", "{46DF4BF7-8980-4609-9A77-DEB3780AF03A}"
EndProject
Global
	GlobalSection(SolutionConfigurationPlatforms) = preSolution
		Debug|Any CPU = Debug|Any CPU
		Release|Any CPU = Release|Any CPU
	EndGlobalSection
	GlobalSection(ProjectConfigurationPlatforms) = postSolution
		{46DF4BF7-8980-4609-9A77-DEB3780AF03A}.Debug|Any CPU.ActiveCfg = Debug|Any CPU
		{46DF4BF7-8980-4609-9A77-DEB3780AF03A}.Debug|Any CPU.Build.0 = Debug|Any CPU
		{46DF4BF7-8980-4609-9A77-DEB3780AF03A}.Release|Any CPU.ActiveCfg = Release|Any CPU
		{46DF4BF7-8980-4609-9A77-DEB3780AF03A}.Release|Any CPU.Build.0 = Release|Any CPU
	EndGlobalSection
	GlobalSection(SolutionProperties) = preSolution
		HideSolutionNode = FALSE
	EndGlobalSection
	GlobalSection(ExtensibilityGlobals) = postSolution
		SolutionGuid = {0AD6865C-5B9F-4189-8BC5-2A19B25D3F54}
	EndGlobalSection
EndGlobal
