
Microsoft Visual Studio Solution File, Format Version 12.00
# Visual Studio Version 17
VisualStudioVersion = 17.8.34330.188
MinimumVisualStudioVersion = 10.0.40219.1
Project("{FAE04EC0-301F-11D3-BF4B-00C04F79EFBC}") = "1.3 2", "1.3 2\1.3 2.csproj", "{23EA44D2-B424-4ABA-80E0-3FDF5E316D27}"
EndProject
Global
	GlobalSection(SolutionConfigurationPlatforms) = preSolution
		Debug|Any CPU = Debug|Any CPU
		Release|Any CPU = Release|Any CPU
	EndGlobalSection
	GlobalSection(ProjectConfigurationPlatforms) = postSolution
		{23EA44D2-B424-4ABA-80E0-3FDF5E316D27}.Debug|Any CPU.ActiveCfg = Debug|Any CPU
		{23EA44D2-B424-4ABA-80E0-3FDF5E316D27}.Debug|Any CPU.Build.0 = Debug|Any CPU
		{23EA44D2-B424-4ABA-80E0-3FDF5E316D27}.Release|Any CPU.ActiveCfg = Release|Any CPU
		{23EA44D2-B424-4ABA-80E0-3FDF5E316D27}.Release|Any CPU.Build.0 = Release|Any CPU
	EndGlobalSection
	GlobalSection(SolutionProperties) = preSolution
		HideSolutionNode = FALSE
	EndGlobalSection
	GlobalSection(ExtensibilityGlobals) = postSolution
		SolutionGuid = {F5F73A42-009D-4555-A680-103C853A693C}
	EndGlobalSection
EndGlobal
