
Microsoft Visual Studio Solution File, Format Version 12.00
# Visual Studio Version 17
VisualStudioVersion = 17.8.34330.188
MinimumVisualStudioVersion = 10.0.40219.1
Project("{FAE04EC0-301F-11D3-BF4B-00C04F79EFBC}") = "1.3 3", "1.3 3\1.3 3.csproj", "{14E7456C-3DED-4839-91A2-BF6A798138CC}"
EndProject
Global
	GlobalSection(SolutionConfigurationPlatforms) = preSolution
		Debug|Any CPU = Debug|Any CPU
		Release|Any CPU = Release|Any CPU
	EndGlobalSection
	GlobalSection(ProjectConfigurationPlatforms) = postSolution
		{14E7456C-3DED-4839-91A2-BF6A798138CC}.Debug|Any CPU.ActiveCfg = Debug|Any CPU
		{14E7456C-3DED-4839-91A2-BF6A798138CC}.Debug|Any CPU.Build.0 = Debug|Any CPU
		{14E7456C-3DED-4839-91A2-BF6A798138CC}.Release|Any CPU.ActiveCfg = Release|Any CPU
		{14E7456C-3DED-4839-91A2-BF6A798138CC}.Release|Any CPU.Build.0 = Release|Any CPU
	EndGlobalSection
	GlobalSection(SolutionProperties) = preSolution
		HideSolutionNode = FALSE
	EndGlobalSection
	GlobalSection(ExtensibilityGlobals) = postSolution
		SolutionGuid = {143C2828-1526-4A9D-B68B-E7E7F7C0A335}
	EndGlobalSection
EndGlobal
