
Microsoft Visual Studio Solution File, Format Version 12.00
# Visual Studio Version 17
VisualStudioVersion = 17.8.34330.188
MinimumVisualStudioVersion = 10.0.40219.1
Project("{FAE04EC0-301F-11D3-BF4B-00C04F79EFBC}") = "1", "1\1.csproj", "{9781C7E0-B656-4BB4-8DCE-F4FF85D00BCC}"
EndProject
Global
	GlobalSection(SolutionConfigurationPlatforms) = preSolution
		Debug|Any CPU = Debug|Any CPU
		Release|Any CPU = Release|Any CPU
	EndGlobalSection
	GlobalSection(ProjectConfigurationPlatforms) = postSolution
		{9781C7E0-B656-4BB4-8DCE-F4FF85D00BCC}.Debug|Any CPU.ActiveCfg = Debug|Any CPU
		{9781C7E0-B656-4BB4-8DCE-F4FF85D00BCC}.Debug|Any CPU.Build.0 = Debug|Any CPU
		{9781C7E0-B656-4BB4-8DCE-F4FF85D00BCC}.Release|Any CPU.ActiveCfg = Release|Any CPU
		{9781C7E0-B656-4BB4-8DCE-F4FF85D00BCC}.Release|Any CPU.Build.0 = Release|Any CPU
	EndGlobalSection
	GlobalSection(SolutionProperties) = preSolution
		HideSolutionNode = FALSE
	EndGlobalSection
	GlobalSection(ExtensibilityGlobals) = postSolution
		SolutionGuid = {ED6C2B0E-B4B7-422B-9000-9DD58CF7A2AF}
	EndGlobalSection
EndGlobal
