
Microsoft Visual Studio Solution File, Format Version 12.00
# Visual Studio Version 17
VisualStudioVersion = 17.8.34330.188
MinimumVisualStudioVersion = 10.0.40219.1
Project("{FAE04EC0-301F-11D3-BF4B-00C04F79EFBC}") = "5", "5\5.csproj", "{CFC96644-E793-477B-86E8-96166981FEED}"
EndProject
Global
	GlobalSection(SolutionConfigurationPlatforms) = preSolution
		Debug|Any CPU = Debug|Any CPU
		Release|Any CPU = Release|Any CPU
	EndGlobalSection
	GlobalSection(ProjectConfigurationPlatforms) = postSolution
		{CFC96644-E793-477B-86E8-96166981FEED}.Debug|Any CPU.ActiveCfg = Debug|Any CPU
		{CFC96644-E793-477B-86E8-96166981FEED}.Debug|Any CPU.Build.0 = Debug|Any CPU
		{CFC96644-E793-477B-86E8-96166981FEED}.Release|Any CPU.ActiveCfg = Release|Any CPU
		{CFC96644-E793-477B-86E8-96166981FEED}.Release|Any CPU.Build.0 = Release|Any CPU
	EndGlobalSection
	GlobalSection(SolutionProperties) = preSolution
		HideSolutionNode = FALSE
	EndGlobalSection
	GlobalSection(ExtensibilityGlobals) = postSolution
		SolutionGuid = {1D4ED5CC-19F9-4176-8EB6-CD62EB1280FD}
	EndGlobalSection
EndGlobal
